
Microsoft Visual Studio Solution File, Format Version 12.00
# Visual Studio 15
VisualStudioVersion = 15.0.27703.2018
MinimumVisualStudioVersion = 10.0.40219.1
Project("{8BC9CEB8-8B4A-11D0-8D11-00A0C91BC942}") = "HelloSocket", "HelloSocket\HelloSocket.vcxproj", "{5A38AEEF-D97F-4A8F-855B-E9B135E39BF2}"
EndProject
Project("{8BC9CEB8-8B4A-11D0-8D11-00A0C91BC942}") = "EasyTcpClient", "EasyTcpClient\EasyTcpClient.vcxproj", "{DD421657-BE7E-482C-93D5-62BC0AF2FB89}"
EndProject
Project("{8BC9CEB8-8B4A-11D0-8D11-00A0C91BC942}") = "EasyTcpServer", "EasyTcpServer\EasyTcpServer.vcxproj", "{127F6BED-F56B-43B9-8E25-6300E20B8DC9}"
EndProject
Global
	GlobalSection(SolutionConfigurationPlatforms) = preSolution
		Debug|x64 = Debug|x64
		Debug|x86 = Debug|x86
		Release|x64 = Release|x64
		Release|x86 = Release|x86
	EndGlobalSection
	GlobalSection(ProjectConfigurationPlatforms) = postSolution
		{5A38AEEF-D97F-4A8F-855B-E9B135E39BF2}.Debug|x64.ActiveCfg = Debug|x64
		{5A38AEEF-D97F-4A8F-855B-E9B135E39BF2}.Debug|x64.Build.0 = Debug|x64
		{5A38AEEF-D97F-4A8F-855B-E9B135E39BF2}.Debug|x86.ActiveCfg = Debug|Win32
		{5A38AEEF-D97F-4A8F-855B-E9B135E39BF2}.Debug|x86.Build.0 = Debug|Win32
		{5A38AEEF-D97F-4A8F-855B-E9B135E39BF2}.Release|x64.ActiveCfg = Release|x64
		{5A38AEEF-D97F-4A8F-855B-E9B135E39BF2}.Release|x64.Build.0 = Release|x64
		{5A38AEEF-D97F-4A8F-855B-E9B135E39BF2}.Release|x86.ActiveCfg = Release|Win32
		{5A38AEEF-D97F-4A8F-855B-E9B135E39BF2}.Release|x86.Build.0 = Release|Win32
		{DD421657-BE7E-482C-93D5-62BC0AF2FB89}.Debug|x64.ActiveCfg = Debug|x64
		{DD421657-BE7E-482C-93D5-62BC0AF2FB89}.Debug|x64.Build.0 = Debug|x64
		{DD421657-BE7E-482C-93D5-62BC0AF2FB89}.Debug|x86.ActiveCfg = Debug|Win32
		{DD421657-BE7E-482C-93D5-62BC0AF2FB89}.Debug|x86.Build.0 = Debug|Win32
		{DD421657-BE7E-482C-93D5-62BC0AF2FB89}.Release|x64.ActiveCfg = Release|x64
		{DD421657-BE7E-482C-93D5-62BC0AF2FB89}.Release|x64.Build.0 = Release|x64
		{DD421657-BE7E-482C-93D5-62BC0AF2FB89}.Release|x86.ActiveCfg = Release|Win32
		{DD421657-BE7E-482C-93D5-62BC0AF2FB89}.Release|x86.Build.0 = Release|Win32
		{127F6BED-F56B-43B9-8E25-6300E20B8DC9}.Debug|x64.ActiveCfg = Debug|x64
		{127F6BED-F56B-43B9-8E25-6300E20B8DC9}.Debug|x64.Build.0 = Debug|x64
		{127F6BED-F56B-43B9-8E25-6300E20B8DC9}.Debug|x86.ActiveCfg = Debug|Win32
		{127F6BED-F56B-43B9-8E25-6300E20B8DC9}.Debug|x86.Build.0 = Debug|Win32
		{127F6BED-F56B-43B9-8E25-6300E20B8DC9}.Release|x64.ActiveCfg = Release|x64
		{127F6BED-F56B-43B9-8E25-6300E20B8DC9}.Release|x64.Build.0 = Release|x64
		{127F6BED-F56B-43B9-8E25-6300E20B8DC9}.Release|x86.ActiveCfg = Release|Win32
		{127F6BED-F56B-43B9-8E25-6300E20B8DC9}.Release|x86.Build.0 = Release|Win32
	EndGlobalSection
	GlobalSection(SolutionProperties) = preSolution
		HideSolutionNode = FALSE
	EndGlobalSection
	GlobalSection(ExtensibilityGlobals) = postSolution
		SolutionGuid = {7D755401-A95D-463A-B231-8C819D907920}
	EndGlobalSection
EndGlobal
